
Microsoft Visual Studio Solution File, Format Version 12.00
# Visual Studio Version 16
VisualStudioVersion = 16.0.30114.105
MinimumVisualStudioVersion = 10.0.40219.1
Project("{FAE04EC0-301F-11D3-BF4B-00C04F79EFBC}") = "ResurrectedTrade.Common", "ResurrectedTrade.Common\ResurrectedTrade.Common.csproj", "{0D2E6765-EEAD-44EB-ABF0-E005531D6979}"
EndProject
Project("{FAE04EC0-301F-11D3-BF4B-00C04F79EFBC}") = "ResurrectedTrade.AgentBase", "ResurrectedTrade.AgentBase\ResurrectedTrade.AgentBase.csproj", "{06D47C25-A233-4097-9B0D-FFC4F664887F}"
EndProject
Global
	GlobalSection(SolutionConfigurationPlatforms) = preSolution
		Debug|Any CPU = Debug|Any CPU
		Release|Any CPU = Release|Any CPU
	EndGlobalSection
	GlobalSection(SolutionProperties) = preSolution
		HideSolutionNode = FALSE
	EndGlobalSection
	GlobalSection(ProjectConfigurationPlatforms) = postSolution
		{0D2E6765-EEAD-44EB-ABF0-E005531D6979}.Debug|Any CPU.ActiveCfg = Debug|Any CPU
		{0D2E6765-EEAD-44EB-ABF0-E005531D6979}.Debug|Any CPU.Build.0 = Debug|Any CPU
		{0D2E6765-EEAD-44EB-ABF0-E005531D6979}.Release|Any CPU.ActiveCfg = Release|Any CPU
		{0D2E6765-EEAD-44EB-ABF0-E005531D6979}.Release|Any CPU.Build.0 = Release|Any CPU
		{06D47C25-A233-4097-9B0D-FFC4F664887F}.Debug|Any CPU.ActiveCfg = Debug|Any CPU
		{06D47C25-A233-4097-9B0D-FFC4F664887F}.Debug|Any CPU.Build.0 = Debug|Any CPU
		{06D47C25-A233-4097-9B0D-FFC4F664887F}.Release|Any CPU.ActiveCfg = Release|Any CPU
		{06D47C25-A233-4097-9B0D-FFC4F664887F}.Release|Any CPU.Build.0 = Release|Any CPU
	EndGlobalSection
EndGlobal
